
Microsoft Visual Studio Solution File, Format Version 12.00
# Visual Studio 15
VisualStudioVersion = 15.0.28010.2016
MinimumVisualStudioVersion = 10.0.40219.1
Project("{FAE04EC0-301F-11D3-BF4B-00C04F79EFBC}") = "StopBubbling", "StopBubbling\StopBubbling.csproj", "{9A4CF487-8140-4A79-832A-65E1A21FCA05}"
EndProject
Global
	GlobalSection(SolutionConfigurationPlatforms) = preSolution
		Debug|Any CPU = Debug|Any CPU
		Release|Any CPU = Release|Any CPU
	EndGlobalSection
	GlobalSection(ProjectConfigurationPlatforms) = postSolution
		{9A4CF487-8140-4A79-832A-65E1A21FCA05}.Debug|Any CPU.ActiveCfg = Debug|Any CPU
		{9A4CF487-8140-4A79-832A-65E1A21FCA05}.Debug|Any CPU.Build.0 = Debug|Any CPU
		{9A4CF487-8140-4A79-832A-65E1A21FCA05}.Release|Any CPU.ActiveCfg = Release|Any CPU
		{9A4CF487-8140-4A79-832A-65E1A21FCA05}.Release|Any CPU.Build.0 = Release|Any CPU
	EndGlobalSection
	GlobalSection(SolutionProperties) = preSolution
		HideSolutionNode = FALSE
	EndGlobalSection
	GlobalSection(ExtensibilityGlobals) = postSolution
		SolutionGuid = {AD13CB9F-2F62-4938-AE83-289BB7FD461B}
	EndGlobalSection
EndGlobal
