
Microsoft Visual Studio Solution File, Format Version 12.00
# Visual Studio 15
VisualStudioVersion = 15.0.28010.2016
MinimumVisualStudioVersion = 10.0.40219.1
Project("{FAE04EC0-301F-11D3-BF4B-00C04F79EFBC}") = "StylesSample", "StylesSample\StylesSample.csproj", "{1E9C711C-37C4-4A56-B269-14FB6F0E6963}"
EndProject
Global
	GlobalSection(SolutionConfigurationPlatforms) = preSolution
		Debug|Any CPU = Debug|Any CPU
		Release|Any CPU = Release|Any CPU
	EndGlobalSection
	GlobalSection(ProjectConfigurationPlatforms) = postSolution
		{1E9C711C-37C4-4A56-B269-14FB6F0E6963}.Debug|Any CPU.ActiveCfg = Debug|Any CPU
		{1E9C711C-37C4-4A56-B269-14FB6F0E6963}.Debug|Any CPU.Build.0 = Debug|Any CPU
		{1E9C711C-37C4-4A56-B269-14FB6F0E6963}.Release|Any CPU.ActiveCfg = Release|Any CPU
		{1E9C711C-37C4-4A56-B269-14FB6F0E6963}.Release|Any CPU.Build.0 = Release|Any CPU
	EndGlobalSection
	GlobalSection(SolutionProperties) = preSolution
		HideSolutionNode = FALSE
	EndGlobalSection
	GlobalSection(ExtensibilityGlobals) = postSolution
		SolutionGuid = {243EDC14-8567-455A-A94F-2646B5252114}
	EndGlobalSection
EndGlobal
