
Microsoft Visual Studio Solution File, Format Version 12.00
# Visual Studio 15
VisualStudioVersion = 15.0.28010.2016
MinimumVisualStudioVersion = 10.0.40219.1
Project("{FAE04EC0-301F-11D3-BF4B-00C04F79EFBC}") = "WpfApp1", "WpfApp1\WpfApp1.csproj", "{BB754B7D-DF59-4FCE-A26B-2A3E8203E587}"
EndProject
Global
	GlobalSection(SolutionConfigurationPlatforms) = preSolution
		Debug|Any CPU = Debug|Any CPU
		Release|Any CPU = Release|Any CPU
	EndGlobalSection
	GlobalSection(ProjectConfigurationPlatforms) = postSolution
		{BB754B7D-DF59-4FCE-A26B-2A3E8203E587}.Debug|Any CPU.ActiveCfg = Debug|Any CPU
		{BB754B7D-DF59-4FCE-A26B-2A3E8203E587}.Debug|Any CPU.Build.0 = Debug|Any CPU
		{BB754B7D-DF59-4FCE-A26B-2A3E8203E587}.Release|Any CPU.ActiveCfg = Release|Any CPU
		{BB754B7D-DF59-4FCE-A26B-2A3E8203E587}.Release|Any CPU.Build.0 = Release|Any CPU
	EndGlobalSection
	GlobalSection(SolutionProperties) = preSolution
		HideSolutionNode = FALSE
	EndGlobalSection
	GlobalSection(ExtensibilityGlobals) = postSolution
		SolutionGuid = {87CE8BE9-9FE2-4D83-95E7-9CF55E67DBC1}
	EndGlobalSection
EndGlobal
